
Microsoft Visual Studio Solution File, Format Version 12.00
# Visual Studio Version 17
VisualStudioVersion = 17.13.35931.197 d17.13
MinimumVisualStudioVersion = 10.0.40219.1
Project("{FAE04EC0-301F-11D3-BF4B-00C04F79EFBC}") = "JARVIS", "JARVIS\JARVIS.csproj", "{DEDB9AAC-9832-4450-9C5E-E2B31D4642EC}"
EndProject
Global
	GlobalSection(SolutionConfigurationPlatforms) = preSolution
		Debug|Any CPU = Debug|Any CPU
		Release|Any CPU = Release|Any CPU
	EndGlobalSection
	GlobalSection(ProjectConfigurationPlatforms) = postSolution
		{DEDB9AAC-9832-4450-9C5E-E2B31D4642EC}.Debug|Any CPU.ActiveCfg = Debug|Any CPU
		{DEDB9AAC-9832-4450-9C5E-E2B31D4642EC}.Debug|Any CPU.Build.0 = Debug|Any CPU
		{DEDB9AAC-9832-4450-9C5E-E2B31D4642EC}.Release|Any CPU.ActiveCfg = Release|Any CPU
		{DEDB9AAC-9832-4450-9C5E-E2B31D4642EC}.Release|Any CPU.Build.0 = Release|Any CPU
	EndGlobalSection
	GlobalSection(SolutionProperties) = preSolution
		HideSolutionNode = FALSE
	EndGlobalSection
	GlobalSection(ExtensibilityGlobals) = postSolution
		SolutionGuid = {39D07A3B-95B3-4C5F-BDB9-98F4CB9CA4FD}
	EndGlobalSection
EndGlobal
